{
  "acquired_at": "2026-09-14T19:49:47.502515Z",
  "acquired_unix": 1789415387.5021074,
  "heartbeat": "2026-09-14T19:49:47.502528Z",
  "heartbeat_monotonic": 825093.952058404,
  "identity": {
    "model_profile_sha256": null,
    "owner_id": "owner:stale",
    "runtime_sha256": null,
    "source_freeze_sha256": null,
    "study_sha256": "833ece33916a313861621544dcc16b3444475c332b2dbee7d8f603b4658b8980"
  },
  "owner_id": "owner:stale",
  "released_at": "2026-09-14T19:49:47.503086Z",
  "state": "released"
}
